// !$*UTF8*$!
{
	archiveVersion = 1;
	classes = {
	};
	objectVersion = 46;
	objects = {

/* Begin PBXBuildFile section */
		4CC3D1F819B943EC0034FB37 /* CAPI_DistortionRenderer.cpp in Sources */ = {isa = PBXBuildFile; fileRef = 4CC3D0B419B943EB0034FB37 /* CAPI_DistortionRenderer.cpp */; };
		4CC3D1F919B943EC0034FB37 /* CAPI_FrameTimeManager.cpp in Sources */ = {isa = PBXBuildFile; fileRef = 4CC3D0B619B943EB0034FB37 /* CAPI_FrameTimeManager.cpp */; };
		4CC3D1FA19B943EC0034FB37 /* CAPI_HMDRenderState.cpp in Sources */ = {isa = PBXBuildFile; fileRef = 4CC3D0B819B943EB0034FB37 /* CAPI_HMDRenderState.cpp */; };
		4CC3D1FB19B943EC0034FB37 /* CAPI_HMDState.cpp in Sources */ = {isa = PBXBuildFile; fileRef = 4CC3D0BA19B943EB0034FB37 /* CAPI_HMDState.cpp */; };
		4CC3D1FC19B943EC0034FB37 /* CAPI_HSWDisplay.cpp in Sources */ = {isa = PBXBuildFile; fileRef = 4CC3D0BC19B943EB0034FB37 /* CAPI_HSWDisplay.cpp */; };
		4CC3D1FD19B943EC0034FB37 /* CAPI_GL_DistortionRenderer.cpp in Sources */ = {isa = PBXBuildFile; fileRef = 4CC3D0BF19B943EB0034FB37 /* CAPI_GL_DistortionRenderer.cpp */; };
		4CC3D1FE19B943EC0034FB37 /* CAPI_GL_HSWDisplay.cpp in Sources */ = {isa = PBXBuildFile; fileRef = 4CC3D0C219B943EB0034FB37 /* CAPI_GL_HSWDisplay.cpp */; };
		4CC3D1FF19B943EC0034FB37 /* CAPI_GL_Util.cpp in Sources */ = {isa = PBXBuildFile; fileRef = 4CC3D0C419B943EB0034FB37 /* CAPI_GL_Util.cpp */; };
		4CC3D20019B943EC0034FB37 /* OVR_Display.cpp in Sources */ = {isa = PBXBuildFile; fileRef = 4CC3D0C919B943EB0034FB37 /* OVR_Display.cpp */; };
		4CC3D20119B943EC0034FB37 /* OVR_OSX_Display.cpp in Sources */ = {isa = PBXBuildFile; fileRef = 4CC3D0CB19B943EB0034FB37 /* OVR_OSX_Display.cpp */; };
		4CC3D20219B943EC0034FB37 /* OVR_Alg.cpp in Sources */ = {isa = PBXBuildFile; fileRef = 4CC3D0CE19B943EB0034FB37 /* OVR_Alg.cpp */; };
		4CC3D20319B943EC0034FB37 /* OVR_Allocator.cpp in Sources */ = {isa = PBXBuildFile; fileRef = 4CC3D0D019B943EB0034FB37 /* OVR_Allocator.cpp */; };
		4CC3D20419B943EC0034FB37 /* OVR_Atomic.cpp in Sources */ = {isa = PBXBuildFile; fileRef = 4CC3D0D319B943EB0034FB37 /* OVR_Atomic.cpp */; };
		4CC3D20519B943EC0034FB37 /* OVR_CRC32.cpp in Sources */ = {isa = PBXBuildFile; fileRef = 4CC3D0D819B943EB0034FB37 /* OVR_CRC32.cpp */; };
		4CC3D20619B943EC0034FB37 /* OVR_File.cpp in Sources */ = {isa = PBXBuildFile; fileRef = 4CC3D0DC19B943EB0034FB37 /* OVR_File.cpp */; };
		4CC3D20719B943EC0034FB37 /* OVR_FileFILE.cpp in Sources */ = {isa = PBXBuildFile; fileRef = 4CC3D0DE19B943EB0034FB37 /* OVR_FileFILE.cpp */; };
		4CC3D20819B943EC0034FB37 /* OVR_Lockless.cpp in Sources */ = {isa = PBXBuildFile; fileRef = 4CC3D0E219B943EB0034FB37 /* OVR_Lockless.cpp */; };
		4CC3D20919B943EC0034FB37 /* OVR_Log.cpp in Sources */ = {isa = PBXBuildFile; fileRef = 4CC3D0E419B943EB0034FB37 /* OVR_Log.cpp */; };
		4CC3D20A19B943EC0034FB37 /* OVR_Math.cpp in Sources */ = {isa = PBXBuildFile; fileRef = 4CC3D0E619B943EB0034FB37 /* OVR_Math.cpp */; };
		4CC3D20B19B943EC0034FB37 /* OVR_RefCount.cpp in Sources */ = {isa = PBXBuildFile; fileRef = 4CC3D0EA19B943EB0034FB37 /* OVR_RefCount.cpp */; };
		4CC3D20C19B943EC0034FB37 /* OVR_SharedMemory.cpp in Sources */ = {isa = PBXBuildFile; fileRef = 4CC3D0EC19B943EB0034FB37 /* OVR_SharedMemory.cpp */; };
		4CC3D20D19B943EC0034FB37 /* OVR_Std.cpp in Sources */ = {isa = PBXBuildFile; fileRef = 4CC3D0EE19B943EB0034FB37 /* OVR_Std.cpp */; };
		4CC3D20E19B943EC0034FB37 /* OVR_String.cpp in Sources */ = {isa = PBXBuildFile; fileRef = 4CC3D0F019B943EB0034FB37 /* OVR_String.cpp */; };
		4CC3D20F19B943EC0034FB37 /* OVR_String_FormatUtil.cpp in Sources */ = {isa = PBXBuildFile; fileRef = 4CC3D0F219B943EB0034FB37 /* OVR_String_FormatUtil.cpp */; };
		4CC3D21019B943EC0034FB37 /* OVR_String_PathUtil.cpp in Sources */ = {isa = PBXBuildFile; fileRef = 4CC3D0F319B943EB0034FB37 /* OVR_String_PathUtil.cpp */; };
		4CC3D21119B943EC0034FB37 /* OVR_SysFile.cpp in Sources */ = {isa = PBXBuildFile; fileRef = 4CC3D0F519B943EB0034FB37 /* OVR_SysFile.cpp */; };
		4CC3D21219B943EC0034FB37 /* OVR_System.cpp in Sources */ = {isa = PBXBuildFile; fileRef = 4CC3D0F719B943EB0034FB37 /* OVR_System.cpp */; };
		4CC3D21319B943EC0034FB37 /* OVR_ThreadCommandQueue.cpp in Sources */ = {isa = PBXBuildFile; fileRef = 4CC3D0F919B943EB0034FB37 /* OVR_ThreadCommandQueue.cpp */; };
		4CC3D21419B943EC0034FB37 /* OVR_ThreadsPthread.cpp in Sources */ = {isa = PBXBuildFile; fileRef = 4CC3D0FC19B943EB0034FB37 /* OVR_ThreadsPthread.cpp */; };
		4CC3D21519B943EC0034FB37 /* OVR_Timer.cpp in Sources */ = {isa = PBXBuildFile; fileRef = 4CC3D0FD19B943EB0034FB37 /* OVR_Timer.cpp */; };
		4CC3D21619B943EC0034FB37 /* OVR_UTF8Util.cpp in Sources */ = {isa = PBXBuildFile; fileRef = 4CC3D10019B943EB0034FB37 /* OVR_UTF8Util.cpp */; };
		4CC3D21719B943EC0034FB37 /* OVR_BitStream.cpp in Sources */ = {isa = PBXBuildFile; fileRef = 4CC3D10319B943EB0034FB37 /* OVR_BitStream.cpp */; };
		4CC3D21819B943EC0034FB37 /* OVR_NetworkPlugin.cpp in Sources */ = {isa = PBXBuildFile; fileRef = 4CC3D10619B943EB0034FB37 /* OVR_NetworkPlugin.cpp */; };
		4CC3D21919B943EC0034FB37 /* OVR_PacketizedTCPSocket.cpp in Sources */ = {isa = PBXBuildFile; fileRef = 4CC3D10919B943EB0034FB37 /* OVR_PacketizedTCPSocket.cpp */; };
		4CC3D21A19B943EC0034FB37 /* OVR_RPC1.cpp in Sources */ = {isa = PBXBuildFile; fileRef = 4CC3D10B19B943EB0034FB37 /* OVR_RPC1.cpp */; };
		4CC3D21B19B943EC0034FB37 /* OVR_Session.cpp in Sources */ = {isa = PBXBuildFile; fileRef = 4CC3D10D19B943EB0034FB37 /* OVR_Session.cpp */; };
		4CC3D21C19B943EC0034FB37 /* OVR_Socket.cpp in Sources */ = {isa = PBXBuildFile; fileRef = 4CC3D10F19B943EB0034FB37 /* OVR_Socket.cpp */; };
		4CC3D21D19B943EC0034FB37 /* OVR_Unix_Socket.cpp in Sources */ = {isa = PBXBuildFile; fileRef = 4CC3D11119B943EB0034FB37 /* OVR_Unix_Socket.cpp */; };
		4CC3D21E19B943EC0034FB37 /* OVR_CAPI.cpp in Sources */ = {isa = PBXBuildFile; fileRef = 4CC3D11319B943EB0034FB37 /* OVR_CAPI.cpp */; };
		4CC3D21F19B943EC0034FB37 /* OVR_JSON.cpp in Sources */ = {isa = PBXBuildFile; fileRef = 4CC3D11619B943EB0034FB37 /* OVR_JSON.cpp */; };
		4CC3D22019B943EC0034FB37 /* OVR_Profile.cpp in Sources */ = {isa = PBXBuildFile; fileRef = 4CC3D11819B943EB0034FB37 /* OVR_Profile.cpp */; };
		4CC3D22119B943EC0034FB37 /* OVR_SerialFormat.cpp in Sources */ = {isa = PBXBuildFile; fileRef = 4CC3D11A19B943EB0034FB37 /* OVR_SerialFormat.cpp */; };
		4CC3D22219B943EC0034FB37 /* OVR_Stereo.cpp in Sources */ = {isa = PBXBuildFile; fileRef = 4CC3D11C19B943EB0034FB37 /* OVR_Stereo.cpp */; };
		4CC3D22319B943EC0034FB37 /* Service_NetClient.cpp in Sources */ = {isa = PBXBuildFile; fileRef = 4CC3D12119B943EB0034FB37 /* Service_NetClient.cpp */; };
		4CC3D22419B943EC0034FB37 /* Service_NetSessionCommon.cpp in Sources */ = {isa = PBXBuildFile; fileRef = 4CC3D12319B943EB0034FB37 /* Service_NetSessionCommon.cpp */; };
		4CC3D22519B943EC0034FB37 /* Tracking_SensorStateReader.cpp in Sources */ = {isa = PBXBuildFile; fileRef = 4CC3D12819B943EB0034FB37 /* Tracking_SensorStateReader.cpp */; };
		4CC3D22619B943EC0034FB37 /* Util_ImageWindow.cpp in Sources */ = {isa = PBXBuildFile; fileRef = 4CC3D12B19B943EB0034FB37 /* Util_ImageWindow.cpp */; };
		4CC3D22719B943EC0034FB37 /* Util_Interface.cpp in Sources */ = {isa = PBXBuildFile; fileRef = 4CC3D12D19B943EB0034FB37 /* Util_Interface.cpp */; };
		4CC3D22819B943EC0034FB37 /* Util_LatencyTest2Reader.cpp in Sources */ = {isa = PBXBuildFile; fileRef = 4CC3D12F19B943EB0034FB37 /* Util_LatencyTest2Reader.cpp */; };
		4CC3D22919B943EC0034FB37 /* Util_Render_Stereo.cpp in Sources */ = {isa = PBXBuildFile; fileRef = 4CC3D13219B943EB0034FB37 /* Util_Render_Stereo.cpp */; };
		4CC3D23219B945A60034FB37 /* OpenGL.framework in Frameworks */ = {isa = PBXBuildFile; fileRef = 4CC3D23119B945A60034FB37 /* OpenGL.framework */; };
		4CC3D23319B946020034FB37 /* libmicrohttpd.a in Frameworks */ = {isa = PBXBuildFile; fileRef = 958B2EC21732F6BE00A05610 /* libmicrohttpd.a */; };
		956D363C1732FCB100BD9868 /* main.mm in Sources */ = {isa = PBXBuildFile; fileRef = 956D363B1732FCB100BD9868 /* main.mm */; };
		957D66C01733093F00A48F6A /* Foundation.framework in Frameworks */ = {isa = PBXBuildFile; fileRef = 957D66BF1733093F00A48F6A /* Foundation.framework */; };
		957D66C21733099500A48F6A /* Cocoa.framework in Frameworks */ = {isa = PBXBuildFile; fileRef = 957D66C11733099500A48F6A /* Cocoa.framework */; };
		958B2ECA1732F6DB00A05610 /* ApplicationServices.framework in Frameworks */ = {isa = PBXBuildFile; fileRef = 958B2EC41732F6DB00A05610 /* ApplicationServices.framework */; };
		958B2ECB1732F6DB00A05610 /* CFNetwork.framework in Frameworks */ = {isa = PBXBuildFile; fileRef = 958B2EC51732F6DB00A05610 /* CFNetwork.framework */; };
		958B2ECC1732F6DB00A05610 /* CoreFoundation.framework in Frameworks */ = {isa = PBXBuildFile; fileRef = 958B2EC61732F6DB00A05610 /* CoreFoundation.framework */; };
		958B2ECD1732F6DB00A05610 /* CoreGraphics.framework in Frameworks */ = {isa = PBXBuildFile; fileRef = 958B2EC71732F6DB00A05610 /* CoreGraphics.framework */; };
		958B2ECE1732F6DB00A05610 /* IOKit.framework in Frameworks */ = {isa = PBXBuildFile; fileRef = 958B2EC81732F6DB00A05610 /* IOKit.framework */; };
		958B2ECF1732F6DB00A05610 /* IOSurface.framework in Frameworks */ = {isa = PBXBuildFile; fileRef = 958B2EC91732F6DB00A05610 /* IOSurface.framework */; };
/* End PBXBuildFile section */

/* Begin PBXCopyFilesBuildPhase section */
		958B2EB01732F5B600A05610 /* CopyFiles */ = {
			isa = PBXCopyFilesBuildPhase;
			buildActionMask = 2147483647;
			dstPath = /usr/share/man/man1/;
			dstSubfolderSpec = 0;
			files = (
			);
			runOnlyForDeploymentPostprocessing = 1;
		};
/* End PBXCopyFilesBuildPhase section */

/* Begin PBXFileReference section */
		4CC3CF3C19B943EB0034FB37 /* OVR.h */ = {isa = PBXFileReference; fileEncoding = 4; lastKnownFileType = sourcecode.c.h; path = OVR.h; sourceTree = "<group>"; };
		4CC3CF3D19B943EB0034FB37 /* OVR_Kernel.h */ = {isa = PBXFileReference; fileEncoding = 4; lastKnownFileType = sourcecode.c.h; path = OVR_Kernel.h; sourceTree = "<group>"; };
		4CC3CF3E19B943EB0034FB37 /* OVR_Version.h */ = {isa = PBXFileReference; fileEncoding = 4; lastKnownFileType = sourcecode.c.h; path = OVR_Version.h; sourceTree = "<group>"; };
		4CC3D0B419B943EB0034FB37 /* CAPI_DistortionRenderer.cpp */ = {isa = PBXFileReference; fileEncoding = 4; lastKnownFileType = sourcecode.cpp.cpp; path = CAPI_DistortionRenderer.cpp; sourceTree = "<group>"; };
		4CC3D0B519B943EB0034FB37 /* CAPI_DistortionRenderer.h */ = {isa = PBXFileReference; fileEncoding = 4; lastKnownFileType = sourcecode.c.h; path = CAPI_DistortionRenderer.h; sourceTree = "<group>"; };
		4CC3D0B619B943EB0034FB37 /* CAPI_FrameTimeManager.cpp */ = {isa = PBXFileReference; fileEncoding = 4; lastKnownFileType = sourcecode.cpp.cpp; path = CAPI_FrameTimeManager.cpp; sourceTree = "<group>"; };
		4CC3D0B719B943EB0034FB37 /* CAPI_FrameTimeManager.h */ = {isa = PBXFileReference; fileEncoding = 4; lastKnownFileType = sourcecode.c.h; path = CAPI_FrameTimeManager.h; sourceTree = "<group>"; };
		4CC3D0B819B943EB0034FB37 /* CAPI_HMDRenderState.cpp */ = {isa = PBXFileReference; fileEncoding = 4; lastKnownFileType = sourcecode.cpp.cpp; path = CAPI_HMDRenderState.cpp; sourceTree = "<group>"; };
		4CC3D0B919B943EB0034FB37 /* CAPI_HMDRenderState.h */ = {isa = PBXFileReference; fileEncoding = 4; lastKnownFileType = sourcecode.c.h; path = CAPI_HMDRenderState.h; sourceTree = "<group>"; };
		4CC3D0BA19B943EB0034FB37 /* CAPI_HMDState.cpp */ = {isa = PBXFileReference; fileEncoding = 4; lastKnownFileType = sourcecode.cpp.cpp; path = CAPI_HMDState.cpp; sourceTree = "<group>"; };
		4CC3D0BB19B943EB0034FB37 /* CAPI_HMDState.h */ = {isa = PBXFileReference; fileEncoding = 4; lastKnownFileType = sourcecode.c.h; path = CAPI_HMDState.h; sourceTree = "<group>"; };
		4CC3D0BC19B943EB0034FB37 /* CAPI_HSWDisplay.cpp */ = {isa = PBXFileReference; fileEncoding = 4; lastKnownFileType = sourcecode.cpp.cpp; path = CAPI_HSWDisplay.cpp; sourceTree = "<group>"; };
		4CC3D0BD19B943EB0034FB37 /* CAPI_HSWDisplay.h */ = {isa = PBXFileReference; fileEncoding = 4; lastKnownFileType = sourcecode.c.h; path = CAPI_HSWDisplay.h; sourceTree = "<group>"; };
		4CC3D0BF19B943EB0034FB37 /* CAPI_GL_DistortionRenderer.cpp */ = {isa = PBXFileReference; fileEncoding = 4; lastKnownFileType = sourcecode.cpp.cpp; path = CAPI_GL_DistortionRenderer.cpp; sourceTree = "<group>"; };
		4CC3D0C019B943EB0034FB37 /* CAPI_GL_DistortionRenderer.h */ = {isa = PBXFileReference; fileEncoding = 4; lastKnownFileType = sourcecode.c.h; path = CAPI_GL_DistortionRenderer.h; sourceTree = "<group>"; };
		4CC3D0C119B943EB0034FB37 /* CAPI_GL_DistortionShaders.h */ = {isa = PBXFileReference; fileEncoding = 4; lastKnownFileType = sourcecode.c.h; path = CAPI_GL_DistortionShaders.h; sourceTree = "<group>"; };
		4CC3D0C219B943EB0034FB37 /* CAPI_GL_HSWDisplay.cpp */ = {isa = PBXFileReference; fileEncoding = 4; lastKnownFileType = sourcecode.cpp.cpp; path = CAPI_GL_HSWDisplay.cpp; sourceTree = "<group>"; };
		4CC3D0C319B943EB0034FB37 /* CAPI_GL_HSWDisplay.h */ = {isa = PBXFileReference; fileEncoding = 4; lastKnownFileType = sourcecode.c.h; path = CAPI_GL_HSWDisplay.h; sourceTree = "<group>"; };
		4CC3D0C419B943EB0034FB37 /* CAPI_GL_Util.cpp */ = {isa = PBXFileReference; fileEncoding = 4; lastKnownFileType = sourcecode.cpp.cpp; path = CAPI_GL_Util.cpp; sourceTree = "<group>"; };
		4CC3D0C519B943EB0034FB37 /* CAPI_GL_Util.h */ = {isa = PBXFileReference; fileEncoding = 4; lastKnownFileType = sourcecode.c.h; path = CAPI_GL_Util.h; sourceTree = "<group>"; };
		4CC3D0C719B943EB0034FB37 /* healthAndSafety.tga.h */ = {isa = PBXFileReference; fileEncoding = 4; lastKnownFileType = sourcecode.c.h; path = healthAndSafety.tga.h; sourceTree = "<group>"; };
		4CC3D0C919B943EB0034FB37 /* OVR_Display.cpp */ = {isa = PBXFileReference; fileEncoding = 4; lastKnownFileType = sourcecode.cpp.cpp; path = OVR_Display.cpp; sourceTree = "<group>"; };
		4CC3D0CA19B943EB0034FB37 /* OVR_Display.h */ = {isa = PBXFileReference; fileEncoding = 4; lastKnownFileType = sourcecode.c.h; path = OVR_Display.h; sourceTree = "<group>"; };
		4CC3D0CB19B943EB0034FB37 /* OVR_OSX_Display.cpp */ = {isa = PBXFileReference; fileEncoding = 4; lastKnownFileType = sourcecode.cpp.cpp; path = OVR_OSX_Display.cpp; sourceTree = "<group>"; };
		4CC3D0CC19B943EB0034FB37 /* OVR_OSX_Display.h */ = {isa = PBXFileReference; fileEncoding = 4; lastKnownFileType = sourcecode.c.h; path = OVR_OSX_Display.h; sourceTree = "<group>"; };
		4CC3D0CE19B943EB0034FB37 /* OVR_Alg.cpp */ = {isa = PBXFileReference; fileEncoding = 4; lastKnownFileType = sourcecode.cpp.cpp; path = OVR_Alg.cpp; sourceTree = "<group>"; };
		4CC3D0CF19B943EB0034FB37 /* OVR_Alg.h */ = {isa = PBXFileReference; fileEncoding = 4; lastKnownFileType = sourcecode.c.h; path = OVR_Alg.h; sourceTree = "<group>"; };
		4CC3D0D019B943EB0034FB37 /* OVR_Allocator.cpp */ = {isa = PBXFileReference; fileEncoding = 4; lastKnownFileType = sourcecode.cpp.cpp; path = OVR_Allocator.cpp; sourceTree = "<group>"; };
		4CC3D0D119B943EB0034FB37 /* OVR_Allocator.h */ = {isa = PBXFileReference; fileEncoding = 4; lastKnownFileType = sourcecode.c.h; path = OVR_Allocator.h; sourceTree = "<group>"; };
		4CC3D0D219B943EB0034FB37 /* OVR_Array.h */ = {isa = PBXFileReference; fileEncoding = 4; lastKnownFileType = sourcecode.c.h; path = OVR_Array.h; sourceTree = "<group>"; };
		4CC3D0D319B943EB0034FB37 /* OVR_Atomic.cpp */ = {isa = PBXFileReference; fileEncoding = 4; lastKnownFileType = sourcecode.cpp.cpp; path = OVR_Atomic.cpp; sourceTree = "<group>"; };
		4CC3D0D419B943EB0034FB37 /* OVR_Atomic.h */ = {isa = PBXFileReference; fileEncoding = 4; lastKnownFileType = sourcecode.c.h; path = OVR_Atomic.h; sourceTree = "<group>"; };
		4CC3D0D519B943EB0034FB37 /* OVR_Color.h */ = {isa = PBXFileReference; fileEncoding = 4; lastKnownFileType = sourcecode.c.h; path = OVR_Color.h; sourceTree = "<group>"; };
		4CC3D0D619B943EB0034FB37 /* OVR_Compiler.h */ = {isa = PBXFileReference; fileEncoding = 4; lastKnownFileType = sourcecode.c.h; path = OVR_Compiler.h; sourceTree = "<group>"; };
		4CC3D0D719B943EB0034FB37 /* OVR_ContainerAllocator.h */ = {isa = PBXFileReference; fileEncoding = 4; lastKnownFileType = sourcecode.c.h; path = OVR_ContainerAllocator.h; sourceTree = "<group>"; };
		4CC3D0D819B943EB0034FB37 /* OVR_CRC32.cpp */ = {isa = PBXFileReference; fileEncoding = 4; lastKnownFileType = sourcecode.cpp.cpp; path = OVR_CRC32.cpp; sourceTree = "<group>"; };
		4CC3D0D919B943EB0034FB37 /* OVR_CRC32.h */ = {isa = PBXFileReference; fileEncoding = 4; lastKnownFileType = sourcecode.c.h; path = OVR_CRC32.h; sourceTree = "<group>"; };
		4CC3D0DA19B943EB0034FB37 /* OVR_Delegates.h */ = {isa = PBXFileReference; fileEncoding = 4; lastKnownFileType = sourcecode.c.h; path = OVR_Delegates.h; sourceTree = "<group>"; };
		4CC3D0DB19B943EB0034FB37 /* OVR_Deque.h */ = {isa = PBXFileReference; fileEncoding = 4; lastKnownFileType = sourcecode.c.h; path = OVR_Deque.h; sourceTree = "<group>"; };
		4CC3D0DC19B943EB0034FB37 /* OVR_File.cpp */ = {isa = PBXFileReference; fileEncoding = 4; lastKnownFileType = sourcecode.cpp.cpp; path = OVR_File.cpp; sourceTree = "<group>"; };
		4CC3D0DD19B943EB0034FB37 /* OVR_File.h */ = {isa = PBXFileReference; fileEncoding = 4; lastKnownFileType = sourcecode.c.h; path = OVR_File.h; sourceTree = "<group>"; };
		4CC3D0DE19B943EB0034FB37 /* OVR_FileFILE.cpp */ = {isa = PBXFileReference; fileEncoding = 4; lastKnownFileType = sourcecode.cpp.cpp; path = OVR_FileFILE.cpp; sourceTree = "<group>"; };
		4CC3D0DF19B943EB0034FB37 /* OVR_Hash.h */ = {isa = PBXFileReference; fileEncoding = 4; lastKnownFileType = sourcecode.c.h; path = OVR_Hash.h; sourceTree = "<group>"; };
		4CC3D0E019B943EB0034FB37 /* OVR_KeyCodes.h */ = {isa = PBXFileReference; fileEncoding = 4; lastKnownFileType = sourcecode.c.h; path = OVR_KeyCodes.h; sourceTree = "<group>"; };
		4CC3D0E119B943EB0034FB37 /* OVR_List.h */ = {isa = PBXFileReference; fileEncoding = 4; lastKnownFileType = sourcecode.c.h; path = OVR_List.h; sourceTree = "<group>"; };
		4CC3D0E219B943EB0034FB37 /* OVR_Lockless.cpp */ = {isa = PBXFileReference; fileEncoding = 4; lastKnownFileType = sourcecode.cpp.cpp; path = OVR_Lockless.cpp; sourceTree = "<group>"; };
		4CC3D0E319B943EB0034FB37 /* OVR_Lockless.h */ = {isa = PBXFileReference; fileEncoding = 4; lastKnownFileType = sourcecode.c.h; path = OVR_Lockless.h; sourceTree = "<group>"; };
		4CC3D0E419B943EB0034FB37 /* OVR_Log.cpp */ = {isa = PBXFileReference; fileEncoding = 4; lastKnownFileType = sourcecode.cpp.cpp; path = OVR_Log.cpp; sourceTree = "<group>"; };
		4CC3D0E519B943EB0034FB37 /* OVR_Log.h */ = {isa = PBXFileReference; fileEncoding = 4; lastKnownFileType = sourcecode.c.h; path = OVR_Log.h; sourceTree = "<group>"; };
		4CC3D0E619B943EB0034FB37 /* OVR_Math.cpp */ = {isa = PBXFileReference; fileEncoding = 4; lastKnownFileType = sourcecode.cpp.cpp; path = OVR_Math.cpp; sourceTree = "<group>"; };
		4CC3D0E719B943EB0034FB37 /* OVR_Math.h */ = {isa = PBXFileReference; fileEncoding = 4; lastKnownFileType = sourcecode.c.h; path = OVR_Math.h; sourceTree = "<group>"; };
		4CC3D0E819B943EB0034FB37 /* OVR_Nullptr.h */ = {isa = PBXFileReference; fileEncoding = 4; lastKnownFileType = sourcecode.c.h; path = OVR_Nullptr.h; sourceTree = "<group>"; };
		4CC3D0E919B943EB0034FB37 /* OVR_Observer.h */ = {isa = PBXFileReference; fileEncoding = 4; lastKnownFileType = sourcecode.c.h; path = OVR_Observer.h; sourceTree = "<group>"; };
		4CC3D0EA19B943EB0034FB37 /* OVR_RefCount.cpp */ = {isa = PBXFileReference; fileEncoding = 4; lastKnownFileType = sourcecode.cpp.cpp; path = OVR_RefCount.cpp; sourceTree = "<group>"; };
		4CC3D0EB19B943EB0034FB37 /* OVR_RefCount.h */ = {isa = PBXFileReference; fileEncoding = 4; lastKnownFileType = sourcecode.c.h; path = OVR_RefCount.h; sourceTree = "<group>"; };
		4CC3D0EC19B943EB0034FB37 /* OVR_SharedMemory.cpp */ = {isa = PBXFileReference; fileEncoding = 4; lastKnownFileType = sourcecode.cpp.cpp; path = OVR_SharedMemory.cpp; sourceTree = "<group>"; };
		4CC3D0ED19B943EB0034FB37 /* OVR_SharedMemory.h */ = {isa = PBXFileReference; fileEncoding = 4; lastKnownFileType = sourcecode.c.h; path = OVR_SharedMemory.h; sourceTree = "<group>"; };
		4CC3D0EE19B943EB0034FB37 /* OVR_Std.cpp */ = {isa = PBXFileReference; fileEncoding = 4; lastKnownFileType = sourcecode.cpp.cpp; path = OVR_Std.cpp; sourceTree = "<group>"; };
		4CC3D0EF19B943EB0034FB37 /* OVR_Std.h */ = {isa = PBXFileReference; fileEncoding = 4; lastKnownFileType = sourcecode.c.h; path = OVR_Std.h; sourceTree = "<group>"; };
		4CC3D0F019B943EB0034FB37 /* OVR_String.cpp */ = {isa = PBXFileReference; fileEncoding = 4; lastKnownFileType = sourcecode.cpp.cpp; path = OVR_String.cpp; sourceTree = "<group>"; };
		4CC3D0F119B943EB0034FB37 /* OVR_String.h */ = {isa = PBXFileReference; fileEncoding = 4; lastKnownFileType = sourcecode.c.h; path = OVR_String.h; sourceTree = "<group>"; };
		4CC3D0F219B943EB0034FB37 /* OVR_String_FormatUtil.cpp */ = {isa = PBXFileReference; fileEncoding = 4; lastKnownFileType = sourcecode.cpp.cpp; path = OVR_String_FormatUtil.cpp; sourceTree = "<group>"; };
		4CC3D0F319B943EB0034FB37 /* OVR_String_PathUtil.cpp */ = {isa = PBXFileReference; fileEncoding = 4; lastKnownFileType = sourcecode.cpp.cpp; path = OVR_String_PathUtil.cpp; sourceTree = "<group>"; };
		4CC3D0F419B943EB0034FB37 /* OVR_StringHash.h */ = {isa = PBXFileReference; fileEncoding = 4; lastKnownFileType = sourcecode.c.h; path = OVR_StringHash.h; sourceTree = "<group>"; };
		4CC3D0F519B943EB0034FB37 /* OVR_SysFile.cpp */ = {isa = PBXFileReference; fileEncoding = 4; lastKnownFileType = sourcecode.cpp.cpp; path = OVR_SysFile.cpp; sourceTree = "<group>"; };
		4CC3D0F619B943EB0034FB37 /* OVR_SysFile.h */ = {isa = PBXFileReference; fileEncoding = 4; lastKnownFileType = sourcecode.c.h; path = OVR_SysFile.h; sourceTree = "<group>"; };
		4CC3D0F719B943EB0034FB37 /* OVR_System.cpp */ = {isa = PBXFileReference; fileEncoding = 4; lastKnownFileType = sourcecode.cpp.cpp; path = OVR_System.cpp; sourceTree = "<group>"; };
		4CC3D0F819B943EB0034FB37 /* OVR_System.h */ = {isa = PBXFileReference; fileEncoding = 4; lastKnownFileType = sourcecode.c.h; path = OVR_System.h; sourceTree = "<group>"; };
		4CC3D0F919B943EB0034FB37 /* OVR_ThreadCommandQueue.cpp */ = {isa = PBXFileReference; fileEncoding = 4; lastKnownFileType = sourcecode.cpp.cpp; path = OVR_ThreadCommandQueue.cpp; sourceTree = "<group>"; };
		4CC3D0FA19B943EB0034FB37 /* OVR_ThreadCommandQueue.h */ = {isa = PBXFileReference; fileEncoding = 4; lastKnownFileType = sourcecode.c.h; path = OVR_ThreadCommandQueue.h; sourceTree = "<group>"; };
		4CC3D0FB19B943EB0034FB37 /* OVR_Threads.h */ = {isa = PBXFileReference; fileEncoding = 4; lastKnownFileType = sourcecode.c.h; path = OVR_Threads.h; sourceTree = "<group>"; };
		4CC3D0FC19B943EB0034FB37 /* OVR_ThreadsPthread.cpp */ = {isa = PBXFileReference; fileEncoding = 4; lastKnownFileType = sourcecode.cpp.cpp; path = OVR_ThreadsPthread.cpp; sourceTree = "<group>"; };
		4CC3D0FD19B943EB0034FB37 /* OVR_Timer.cpp */ = {isa = PBXFileReference; fileEncoding = 4; lastKnownFileType = sourcecode.cpp.cpp; path = OVR_Timer.cpp; sourceTree = "<group>"; };
		4CC3D0FE19B943EB0034FB37 /* OVR_Timer.h */ = {isa = PBXFileReference; fileEncoding = 4; lastKnownFileType = sourcecode.c.h; path = OVR_Timer.h; sourceTree = "<group>"; };
		4CC3D0FF19B943EB0034FB37 /* OVR_Types.h */ = {isa = PBXFileReference; fileEncoding = 4; lastKnownFileType = sourcecode.c.h; path = OVR_Types.h; sourceTree = "<group>"; };
		4CC3D10019B943EB0034FB37 /* OVR_UTF8Util.cpp */ = {isa = PBXFileReference; fileEncoding = 4; lastKnownFileType = sourcecode.cpp.cpp; path = OVR_UTF8Util.cpp; sourceTree = "<group>"; };
		4CC3D10119B943EB0034FB37 /* OVR_UTF8Util.h */ = {isa = PBXFileReference; fileEncoding = 4; lastKnownFileType = sourcecode.c.h; path = OVR_UTF8Util.h; sourceTree = "<group>"; };
		4CC3D10319B943EB0034FB37 /* OVR_BitStream.cpp */ = {isa = PBXFileReference; fileEncoding = 4; lastKnownFileType = sourcecode.cpp.cpp; path = OVR_BitStream.cpp; sourceTree = "<group>"; };
		4CC3D10419B943EB0034FB37 /* OVR_BitStream.h */ = {isa = PBXFileReference; fileEncoding = 4; lastKnownFileType = sourcecode.c.h; path = OVR_BitStream.h; sourceTree = "<group>"; };
		4CC3D10519B943EB0034FB37 /* OVR_MessageIDTypes.h */ = {isa = PBXFileReference; fileEncoding = 4; lastKnownFileType = sourcecode.c.h; path = OVR_MessageIDTypes.h; sourceTree = "<group>"; };
		4CC3D10619B943EB0034FB37 /* OVR_NetworkPlugin.cpp */ = {isa = PBXFileReference; fileEncoding = 4; lastKnownFileType = sourcecode.cpp.cpp; path = OVR_NetworkPlugin.cpp; sourceTree = "<group>"; };
		4CC3D10719B943EB0034FB37 /* OVR_NetworkPlugin.h */ = {isa = PBXFileReference; fileEncoding = 4; lastKnownFileType = sourcecode.c.h; path = OVR_NetworkPlugin.h; sourceTree = "<group>"; };
		4CC3D10819B943EB0034FB37 /* OVR_NetworkTypes.h */ = {isa = PBXFileReference; fileEncoding = 4; lastKnownFileType = sourcecode.c.h; path = OVR_NetworkTypes.h; sourceTree = "<group>"; };
		4CC3D10919B943EB0034FB37 /* OVR_PacketizedTCPSocket.cpp */ = {isa = PBXFileReference; fileEncoding = 4; lastKnownFileType = sourcecode.cpp.cpp; path = OVR_PacketizedTCPSocket.cpp; sourceTree = "<group>"; };
		4CC3D10A19B943EB0034FB37 /* OVR_PacketizedTCPSocket.h */ = {isa = PBXFileReference; fileEncoding = 4; lastKnownFileType = sourcecode.c.h; path = OVR_PacketizedTCPSocket.h; sourceTree = "<group>"; };
		4CC3D10B19B943EB0034FB37 /* OVR_RPC1.cpp */ = {isa = PBXFileReference; fileEncoding = 4; lastKnownFileType = sourcecode.cpp.cpp; path = OVR_RPC1.cpp; sourceTree = "<group>"; };
		4CC3D10C19B943EB0034FB37 /* OVR_RPC1.h */ = {isa = PBXFileReference; fileEncoding = 4; lastKnownFileType = sourcecode.c.h; path = OVR_RPC1.h; sourceTree = "<group>"; };
		4CC3D10D19B943EB0034FB37 /* OVR_Session.cpp */ = {isa = PBXFileReference; fileEncoding = 4; lastKnownFileType = sourcecode.cpp.cpp; path = OVR_Session.cpp; sourceTree = "<group>"; };
		4CC3D10E19B943EB0034FB37 /* OVR_Session.h */ = {isa = PBXFileReference; fileEncoding = 4; lastKnownFileType = sourcecode.c.h; path = OVR_Session.h; sourceTree = "<group>"; };
		4CC3D10F19B943EB0034FB37 /* OVR_Socket.cpp */ = {isa = PBXFileReference; fileEncoding = 4; lastKnownFileType = sourcecode.cpp.cpp; path = OVR_Socket.cpp; sourceTree = "<group>"; };
		4CC3D11019B943EB0034FB37 /* OVR_Socket.h */ = {isa = PBXFileReference; fileEncoding = 4; lastKnownFileType = sourcecode.c.h; path = OVR_Socket.h; sourceTree = "<group>"; };
		4CC3D11119B943EB0034FB37 /* OVR_Unix_Socket.cpp */ = {isa = PBXFileReference; fileEncoding = 4; lastKnownFileType = sourcecode.cpp.cpp; path = OVR_Unix_Socket.cpp; sourceTree = "<group>"; };
		4CC3D11219B943EB0034FB37 /* OVR_Unix_Socket.h */ = {isa = PBXFileReference; fileEncoding = 4; lastKnownFileType = sourcecode.c.h; path = OVR_Unix_Socket.h; sourceTree = "<group>"; };
		4CC3D11319B943EB0034FB37 /* OVR_CAPI.cpp */ = {isa = PBXFileReference; fileEncoding = 4; lastKnownFileType = sourcecode.cpp.cpp; path = OVR_CAPI.cpp; sourceTree = "<group>"; };
		4CC3D11419B943EB0034FB37 /* OVR_CAPI.h */ = {isa = PBXFileReference; fileEncoding = 4; lastKnownFileType = sourcecode.c.h; path = OVR_CAPI.h; sourceTree = "<group>"; };
		4CC3D11519B943EB0034FB37 /* OVR_CAPI_GL.h */ = {isa = PBXFileReference; fileEncoding = 4; lastKnownFileType = sourcecode.c.h; path = OVR_CAPI_GL.h; sourceTree = "<group>"; };
		4CC3D11619B943EB0034FB37 /* OVR_JSON.cpp */ = {isa = PBXFileReference; fileEncoding = 4; lastKnownFileType = sourcecode.cpp.cpp; path = OVR_JSON.cpp; sourceTree = "<group>"; };
		4CC3D11719B943EB0034FB37 /* OVR_JSON.h */ = {isa = PBXFileReference; fileEncoding = 4; lastKnownFileType = sourcecode.c.h; path = OVR_JSON.h; sourceTree = "<group>"; };
		4CC3D11819B943EB0034FB37 /* OVR_Profile.cpp */ = {isa = PBXFileReference; fileEncoding = 4; lastKnownFileType = sourcecode.cpp.cpp; path = OVR_Profile.cpp; sourceTree = "<group>"; };
		4CC3D11919B943EB0034FB37 /* OVR_Profile.h */ = {isa = PBXFileReference; fileEncoding = 4; lastKnownFileType = sourcecode.c.h; path = OVR_Profile.h; sourceTree = "<group>"; };
		4CC3D11A19B943EB0034FB37 /* OVR_SerialFormat.cpp */ = {isa = PBXFileReference; fileEncoding = 4; lastKnownFileType = sourcecode.cpp.cpp; path = OVR_SerialFormat.cpp; sourceTree = "<group>"; };
		4CC3D11B19B943EB0034FB37 /* OVR_SerialFormat.h */ = {isa = PBXFileReference; fileEncoding = 4; lastKnownFileType = sourcecode.c.h; path = OVR_SerialFormat.h; sourceTree = "<group>"; };
		4CC3D11C19B943EB0034FB37 /* OVR_Stereo.cpp */ = {isa = PBXFileReference; fileEncoding = 4; lastKnownFileType = sourcecode.cpp.cpp; path = OVR_Stereo.cpp; sourceTree = "<group>"; };
		4CC3D11D19B943EB0034FB37 /* OVR_Stereo.h */ = {isa = PBXFileReference; fileEncoding = 4; lastKnownFileType = sourcecode.c.h; path = OVR_Stereo.h; sourceTree = "<group>"; };
		4CC3D11F19B943EB0034FB37 /* OVR_DeviceConstants.h */ = {isa = PBXFileReference; fileEncoding = 4; lastKnownFileType = sourcecode.c.h; path = OVR_DeviceConstants.h; sourceTree = "<group>"; };
		4CC3D12119B943EB0034FB37 /* Service_NetClient.cpp */ = {isa = PBXFileReference; fileEncoding = 4; lastKnownFileType = sourcecode.cpp.cpp; path = Service_NetClient.cpp; sourceTree = "<group>"; };
		4CC3D12219B943EB0034FB37 /* Service_NetClient.h */ = {isa = PBXFileReference; fileEncoding = 4; lastKnownFileType = sourcecode.c.h; path = Service_NetClient.h; sourceTree = "<group>"; };
		4CC3D12319B943EB0034FB37 /* Service_NetSessionCommon.cpp */ = {isa = PBXFileReference; fileEncoding = 4; lastKnownFileType = sourcecode.cpp.cpp; path = Service_NetSessionCommon.cpp; sourceTree = "<group>"; };
		4CC3D12419B943EB0034FB37 /* Service_NetSessionCommon.h */ = {isa = PBXFileReference; fileEncoding = 4; lastKnownFileType = sourcecode.c.h; path = Service_NetSessionCommon.h; sourceTree = "<group>"; };
		4CC3D12619B943EB0034FB37 /* Tracking_PoseState.h */ = {isa = PBXFileReference; fileEncoding = 4; lastKnownFileType = sourcecode.c.h; path = Tracking_PoseState.h; sourceTree = "<group>"; };
		4CC3D12719B943EB0034FB37 /* Tracking_SensorState.h */ = {isa = PBXFileReference; fileEncoding = 4; lastKnownFileType = sourcecode.c.h; path = Tracking_SensorState.h; sourceTree = "<group>"; };
		4CC3D12819B943EB0034FB37 /* Tracking_SensorStateReader.cpp */ = {isa = PBXFileReference; fileEncoding = 4; lastKnownFileType = sourcecode.cpp.cpp; path = Tracking_SensorStateReader.cpp; sourceTree = "<group>"; };
		4CC3D12919B943EB0034FB37 /* Tracking_SensorStateReader.h */ = {isa = PBXFileReference; fileEncoding = 4; lastKnownFileType = sourcecode.c.h; path = Tracking_SensorStateReader.h; sourceTree = "<group>"; };
		4CC3D12B19B943EB0034FB37 /* Util_ImageWindow.cpp */ = {isa = PBXFileReference; fileEncoding = 4; lastKnownFileType = sourcecode.cpp.cpp; path = Util_ImageWindow.cpp; sourceTree = "<group>"; };
		4CC3D12C19B943EB0034FB37 /* Util_ImageWindow.h */ = {isa = PBXFileReference; fileEncoding = 4; lastKnownFileType = sourcecode.c.h; path = Util_ImageWindow.h; sourceTree = "<group>"; };
		4CC3D12D19B943EB0034FB37 /* Util_Interface.cpp */ = {isa = PBXFileReference; fileEncoding = 4; lastKnownFileType = sourcecode.cpp.cpp; path = Util_Interface.cpp; sourceTree = "<group>"; };
		4CC3D12E19B943EB0034FB37 /* Util_Interface.h */ = {isa = PBXFileReference; fileEncoding = 4; lastKnownFileType = sourcecode.c.h; path = Util_Interface.h; sourceTree = "<group>"; };
		4CC3D12F19B943EB0034FB37 /* Util_LatencyTest2Reader.cpp */ = {isa = PBXFileReference; fileEncoding = 4; lastKnownFileType = sourcecode.cpp.cpp; path = Util_LatencyTest2Reader.cpp; sourceTree = "<group>"; };
		4CC3D13019B943EB0034FB37 /* Util_LatencyTest2Reader.h */ = {isa = PBXFileReference; fileEncoding = 4; lastKnownFileType = sourcecode.c.h; path = Util_LatencyTest2Reader.h; sourceTree = "<group>"; };
		4CC3D13119B943EB0034FB37 /* Util_LatencyTest2State.h */ = {isa = PBXFileReference; fileEncoding = 4; lastKnownFileType = sourcecode.c.h; path = Util_LatencyTest2State.h; sourceTree = "<group>"; };
		4CC3D13219B943EB0034FB37 /* Util_Render_Stereo.cpp */ = {isa = PBXFileReference; fileEncoding = 4; lastKnownFileType = sourcecode.cpp.cpp; path = Util_Render_Stereo.cpp; sourceTree = "<group>"; };
		4CC3D13319B943EB0034FB37 /* Util_Render_Stereo.h */ = {isa = PBXFileReference; fileEncoding = 4; lastKnownFileType = sourcecode.c.h; path = Util_Render_Stereo.h; sourceTree = "<group>"; };
		4CC3D23119B945A60034FB37 /* OpenGL.framework */ = {isa = PBXFileReference; lastKnownFileType = wrapper.framework; name = OpenGL.framework; path = System/Library/Frameworks/OpenGL.framework; sourceTree = SDKROOT; };
		956D363B1732FCB100BD9868 /* main.mm */ = {isa = PBXFileReference; fileEncoding = 4; lastKnownFileType = sourcecode.cpp.objcpp; name = main.mm; path = src/main.mm; sourceTree = SOURCE_ROOT; };
		957D66BF1733093F00A48F6A /* Foundation.framework */ = {isa = PBXFileReference; lastKnownFileType = wrapper.framework; name = Foundation.framework; path = System/Library/Frameworks/Foundation.framework; sourceTree = SDKROOT; };
		957D66C11733099500A48F6A /* Cocoa.framework */ = {isa = PBXFileReference; lastKnownFileType = wrapper.framework; name = Cocoa.framework; path = System/Library/Frameworks/Cocoa.framework; sourceTree = SDKROOT; };
		958B2EB21732F5B600A05610 /* oculus-rest */ = {isa = PBXFileReference; explicitFileType = "compiled.mach-o.executable"; includeInIndex = 0; path = "oculus-rest"; sourceTree = BUILT_PRODUCTS_DIR; };
		958B2EC21732F6BE00A05610 /* libmicrohttpd.a */ = {isa = PBXFileReference; lastKnownFileType = archive.ar; name = libmicrohttpd.a; path = libmicrohttpd/bin/libmicrohttpd.a; sourceTree = "<group>"; };
		958B2EC41732F6DB00A05610 /* ApplicationServices.framework */ = {isa = PBXFileReference; lastKnownFileType = wrapper.framework; name = ApplicationServices.framework; path = System/Library/Frameworks/ApplicationServices.framework; sourceTree = SDKROOT; };
		958B2EC51732F6DB00A05610 /* CFNetwork.framework */ = {isa = PBXFileReference; lastKnownFileType = wrapper.framework; name = CFNetwork.framework; path = System/Library/Frameworks/CFNetwork.framework; sourceTree = SDKROOT; };
		958B2EC61732F6DB00A05610 /* CoreFoundation.framework */ = {isa = PBXFileReference; lastKnownFileType = wrapper.framework; name = CoreFoundation.framework; path = System/Library/Frameworks/CoreFoundation.framework; sourceTree = SDKROOT; };
		958B2EC71732F6DB00A05610 /* CoreGraphics.framework */ = {isa = PBXFileReference; lastKnownFileType = wrapper.framework; name = CoreGraphics.framework; path = System/Library/Frameworks/CoreGraphics.framework; sourceTree = SDKROOT; };
		958B2EC81732F6DB00A05610 /* IOKit.framework */ = {isa = PBXFileReference; lastKnownFileType = wrapper.framework; name = IOKit.framework; path = System/Library/Frameworks/IOKit.framework; sourceTree = SDKROOT; };
		958B2EC91732F6DB00A05610 /* IOSurface.framework */ = {isa = PBXFileReference; lastKnownFileType = wrapper.framework; name = IOSurface.framework; path = System/Library/Frameworks/IOSurface.framework; sourceTree = SDKROOT; };
/* End PBXFileReference section */

/* Begin PBXFrameworksBuildPhase section */
		958B2EAF1732F5B600A05610 /* Frameworks */ = {
			isa = PBXFrameworksBuildPhase;
			buildActionMask = 2147483647;
			files = (
				4CC3D23219B945A60034FB37 /* OpenGL.framework in Frameworks */,
				957D66C21733099500A48F6A /* Cocoa.framework in Frameworks */,
				957D66C01733093F00A48F6A /* Foundation.framework in Frameworks */,
				958B2ECA1732F6DB00A05610 /* ApplicationServices.framework in Frameworks */,
				958B2ECB1732F6DB00A05610 /* CFNetwork.framework in Frameworks */,
				958B2ECC1732F6DB00A05610 /* CoreFoundation.framework in Frameworks */,
				958B2ECD1732F6DB00A05610 /* CoreGraphics.framework in Frameworks */,
				958B2ECE1732F6DB00A05610 /* IOKit.framework in Frameworks */,
				958B2ECF1732F6DB00A05610 /* IOSurface.framework in Frameworks */,
				4CC3D23319B946020034FB37 /* libmicrohttpd.a in Frameworks */,
			);
			runOnlyForDeploymentPostprocessing = 0;
		};
/* End PBXFrameworksBuildPhase section */

/* Begin PBXGroup section */
		4CC3CF3A19B943EB0034FB37 /* LibOVR */ = {
			isa = PBXGroup;
			children = (
				4CC3CF3B19B943EB0034FB37 /* Include */,
				4CC3CF3F19B943EB0034FB37 /* Lib */,
				4CC3D0B219B943EB0034FB37 /* Src */,
			);
			path = LibOVR;
			sourceTree = "<group>";
		};
		4CC3CF3B19B943EB0034FB37 /* Include */ = {
			isa = PBXGroup;
			children = (
				4CC3CF3C19B943EB0034FB37 /* OVR.h */,
				4CC3CF3D19B943EB0034FB37 /* OVR_Kernel.h */,
				4CC3CF3E19B943EB0034FB37 /* OVR_Version.h */,
			);
			path = Include;
			sourceTree = "<group>";
		};
		4CC3CF3F19B943EB0034FB37 /* Lib */ = {
			isa = PBXGroup;
			children = (
			);
			path = Lib;
			sourceTree = "<group>";
		};
		4CC3D0B219B943EB0034FB37 /* Src */ = {
			isa = PBXGroup;
			children = (
				4CC3D0B319B943EB0034FB37 /* CAPI */,
				4CC3D0C819B943EB0034FB37 /* Displays */,
				4CC3D0CD19B943EB0034FB37 /* Kernel */,
				4CC3D10219B943EB0034FB37 /* Net */,
				4CC3D11319B943EB0034FB37 /* OVR_CAPI.cpp */,
				4CC3D11419B943EB0034FB37 /* OVR_CAPI.h */,
				4CC3D11519B943EB0034FB37 /* OVR_CAPI_GL.h */,
				4CC3D11619B943EB0034FB37 /* OVR_JSON.cpp */,
				4CC3D11719B943EB0034FB37 /* OVR_JSON.h */,
				4CC3D11819B943EB0034FB37 /* OVR_Profile.cpp */,
				4CC3D11919B943EB0034FB37 /* OVR_Profile.h */,
				4CC3D11A19B943EB0034FB37 /* OVR_SerialFormat.cpp */,
				4CC3D11B19B943EB0034FB37 /* OVR_SerialFormat.h */,
				4CC3D11C19B943EB0034FB37 /* OVR_Stereo.cpp */,
				4CC3D11D19B943EB0034FB37 /* OVR_Stereo.h */,
				4CC3D11E19B943EB0034FB37 /* Sensors */,
				4CC3D12019B943EB0034FB37 /* Service */,
				4CC3D12519B943EB0034FB37 /* Tracking */,
				4CC3D12A19B943EB0034FB37 /* Util */,
			);
			path = Src;
			sourceTree = "<group>";
		};
		4CC3D0B319B943EB0034FB37 /* CAPI */ = {
			isa = PBXGroup;
			children = (
				4CC3D0B419B943EB0034FB37 /* CAPI_DistortionRenderer.cpp */,
				4CC3D0B519B943EB0034FB37 /* CAPI_DistortionRenderer.h */,
				4CC3D0B619B943EB0034FB37 /* CAPI_FrameTimeManager.cpp */,
				4CC3D0B719B943EB0034FB37 /* CAPI_FrameTimeManager.h */,
				4CC3D0B819B943EB0034FB37 /* CAPI_HMDRenderState.cpp */,
				4CC3D0B919B943EB0034FB37 /* CAPI_HMDRenderState.h */,
				4CC3D0BA19B943EB0034FB37 /* CAPI_HMDState.cpp */,
				4CC3D0BB19B943EB0034FB37 /* CAPI_HMDState.h */,
				4CC3D0BC19B943EB0034FB37 /* CAPI_HSWDisplay.cpp */,
				4CC3D0BD19B943EB0034FB37 /* CAPI_HSWDisplay.h */,
				4CC3D0BE19B943EB0034FB37 /* GL */,
				4CC3D0C619B943EB0034FB37 /* Textures */,
			);
			path = CAPI;
			sourceTree = "<group>";
		};
		4CC3D0BE19B943EB0034FB37 /* GL */ = {
			isa = PBXGroup;
			children = (
				4CC3D0BF19B943EB0034FB37 /* CAPI_GL_DistortionRenderer.cpp */,
				4CC3D0C019B943EB0034FB37 /* CAPI_GL_DistortionRenderer.h */,
				4CC3D0C119B943EB0034FB37 /* CAPI_GL_DistortionShaders.h */,
				4CC3D0C219B943EB0034FB37 /* CAPI_GL_HSWDisplay.cpp */,
				4CC3D0C319B943EB0034FB37 /* CAPI_GL_HSWDisplay.h */,
				4CC3D0C419B943EB0034FB37 /* CAPI_GL_Util.cpp */,
				4CC3D0C519B943EB0034FB37 /* CAPI_GL_Util.h */,
			);
			path = GL;
			sourceTree = "<group>";
		};
		4CC3D0C619B943EB0034FB37 /* Textures */ = {
			isa = PBXGroup;
			children = (
				4CC3D0C719B943EB0034FB37 /* healthAndSafety.tga.h */,
			);
			path = Textures;
			sourceTree = "<group>";
		};
		4CC3D0C819B943EB0034FB37 /* Displays */ = {
			isa = PBXGroup;
			children = (
				4CC3D0C919B943EB0034FB37 /* OVR_Display.cpp */,
				4CC3D0CA19B943EB0034FB37 /* OVR_Display.h */,
				4CC3D0CB19B943EB0034FB37 /* OVR_OSX_Display.cpp */,
				4CC3D0CC19B943EB0034FB37 /* OVR_OSX_Display.h */,
			);
			path = Displays;
			sourceTree = "<group>";
		};
		4CC3D0CD19B943EB0034FB37 /* Kernel */ = {
			isa = PBXGroup;
			children = (
				4CC3D0CE19B943EB0034FB37 /* OVR_Alg.cpp */,
				4CC3D0CF19B943EB0034FB37 /* OVR_Alg.h */,
				4CC3D0D019B943EB0034FB37 /* OVR_Allocator.cpp */,
				4CC3D0D119B943EB0034FB37 /* OVR_Allocator.h */,
				4CC3D0D219B943EB0034FB37 /* OVR_Array.h */,
				4CC3D0D319B943EB0034FB37 /* OVR_Atomic.cpp */,
				4CC3D0D419B943EB0034FB37 /* OVR_Atomic.h */,
				4CC3D0D519B943EB0034FB37 /* OVR_Color.h */,
				4CC3D0D619B943EB0034FB37 /* OVR_Compiler.h */,
				4CC3D0D719B943EB0034FB37 /* OVR_ContainerAllocator.h */,
				4CC3D0D819B943EB0034FB37 /* OVR_CRC32.cpp */,
				4CC3D0D919B943EB0034FB37 /* OVR_CRC32.h */,
				4CC3D0DA19B943EB0034FB37 /* OVR_Delegates.h */,
				4CC3D0DB19B943EB0034FB37 /* OVR_Deque.h */,
				4CC3D0DC19B943EB0034FB37 /* OVR_File.cpp */,
				4CC3D0DD19B943EB0034FB37 /* OVR_File.h */,
				4CC3D0DE19B943EB0034FB37 /* OVR_FileFILE.cpp */,
				4CC3D0DF19B943EB0034FB37 /* OVR_Hash.h */,
				4CC3D0E019B943EB0034FB37 /* OVR_KeyCodes.h */,
				4CC3D0E119B943EB0034FB37 /* OVR_List.h */,
				4CC3D0E219B943EB0034FB37 /* OVR_Lockless.cpp */,
				4CC3D0E319B943EB0034FB37 /* OVR_Lockless.h */,
				4CC3D0E419B943EB0034FB37 /* OVR_Log.cpp */,
				4CC3D0E519B943EB0034FB37 /* OVR_Log.h */,
				4CC3D0E619B943EB0034FB37 /* OVR_Math.cpp */,
				4CC3D0E719B943EB0034FB37 /* OVR_Math.h */,
				4CC3D0E819B943EB0034FB37 /* OVR_Nullptr.h */,
				4CC3D0E919B943EB0034FB37 /* OVR_Observer.h */,
				4CC3D0EA19B943EB0034FB37 /* OVR_RefCount.cpp */,
				4CC3D0EB19B943EB0034FB37 /* OVR_RefCount.h */,
				4CC3D0EC19B943EB0034FB37 /* OVR_SharedMemory.cpp */,
				4CC3D0ED19B943EB0034FB37 /* OVR_SharedMemory.h */,
				4CC3D0EE19B943EB0034FB37 /* OVR_Std.cpp */,
				4CC3D0EF19B943EB0034FB37 /* OVR_Std.h */,
				4CC3D0F019B943EB0034FB37 /* OVR_String.cpp */,
				4CC3D0F119B943EB0034FB37 /* OVR_String.h */,
				4CC3D0F219B943EB0034FB37 /* OVR_String_FormatUtil.cpp */,
				4CC3D0F319B943EB0034FB37 /* OVR_String_PathUtil.cpp */,
				4CC3D0F419B943EB0034FB37 /* OVR_StringHash.h */,
				4CC3D0F519B943EB0034FB37 /* OVR_SysFile.cpp */,
				4CC3D0F619B943EB0034FB37 /* OVR_SysFile.h */,
				4CC3D0F719B943EB0034FB37 /* OVR_System.cpp */,
				4CC3D0F819B943EB0034FB37 /* OVR_System.h */,
				4CC3D0F919B943EB0034FB37 /* OVR_ThreadCommandQueue.cpp */,
				4CC3D0FA19B943EB0034FB37 /* OVR_ThreadCommandQueue.h */,
				4CC3D0FB19B943EB0034FB37 /* OVR_Threads.h */,
				4CC3D0FC19B943EB0034FB37 /* OVR_ThreadsPthread.cpp */,
				4CC3D0FD19B943EB0034FB37 /* OVR_Timer.cpp */,
				4CC3D0FE19B943EB0034FB37 /* OVR_Timer.h */,
				4CC3D0FF19B943EB0034FB37 /* OVR_Types.h */,
				4CC3D10019B943EB0034FB37 /* OVR_UTF8Util.cpp */,
				4CC3D10119B943EB0034FB37 /* OVR_UTF8Util.h */,
			);
			path = Kernel;
			sourceTree = "<group>";
		};
		4CC3D10219B943EB0034FB37 /* Net */ = {
			isa = PBXGroup;
			children = (
				4CC3D10319B943EB0034FB37 /* OVR_BitStream.cpp */,
				4CC3D10419B943EB0034FB37 /* OVR_BitStream.h */,
				4CC3D10519B943EB0034FB37 /* OVR_MessageIDTypes.h */,
				4CC3D10619B943EB0034FB37 /* OVR_NetworkPlugin.cpp */,
				4CC3D10719B943EB0034FB37 /* OVR_NetworkPlugin.h */,
				4CC3D10819B943EB0034FB37 /* OVR_NetworkTypes.h */,
				4CC3D10919B943EB0034FB37 /* OVR_PacketizedTCPSocket.cpp */,
				4CC3D10A19B943EB0034FB37 /* OVR_PacketizedTCPSocket.h */,
				4CC3D10B19B943EB0034FB37 /* OVR_RPC1.cpp */,
				4CC3D10C19B943EB0034FB37 /* OVR_RPC1.h */,
				4CC3D10D19B943EB0034FB37 /* OVR_Session.cpp */,
				4CC3D10E19B943EB0034FB37 /* OVR_Session.h */,
				4CC3D10F19B943EB0034FB37 /* OVR_Socket.cpp */,
				4CC3D11019B943EB0034FB37 /* OVR_Socket.h */,
				4CC3D11119B943EB0034FB37 /* OVR_Unix_Socket.cpp */,
				4CC3D11219B943EB0034FB37 /* OVR_Unix_Socket.h */,
			);
			path = Net;
			sourceTree = "<group>";
		};
		4CC3D11E19B943EB0034FB37 /* Sensors */ = {
			isa = PBXGroup;
			children = (
				4CC3D11F19B943EB0034FB37 /* OVR_DeviceConstants.h */,
			);
			path = Sensors;
			sourceTree = "<group>";
		};
		4CC3D12019B943EB0034FB37 /* Service */ = {
			isa = PBXGroup;
			children = (
				4CC3D12119B943EB0034FB37 /* Service_NetClient.cpp */,
				4CC3D12219B943EB0034FB37 /* Service_NetClient.h */,
				4CC3D12319B943EB0034FB37 /* Service_NetSessionCommon.cpp */,
				4CC3D12419B943EB0034FB37 /* Service_NetSessionCommon.h */,
			);
			path = Service;
			sourceTree = "<group>";
		};
		4CC3D12519B943EB0034FB37 /* Tracking */ = {
			isa = PBXGroup;
			children = (
				4CC3D12619B943EB0034FB37 /* Tracking_PoseState.h */,
				4CC3D12719B943EB0034FB37 /* Tracking_SensorState.h */,
				4CC3D12819B943EB0034FB37 /* Tracking_SensorStateReader.cpp */,
				4CC3D12919B943EB0034FB37 /* Tracking_SensorStateReader.h */,
			);
			path = Tracking;
			sourceTree = "<group>";
		};
		4CC3D12A19B943EB0034FB37 /* Util */ = {
			isa = PBXGroup;
			children = (
				4CC3D12B19B943EB0034FB37 /* Util_ImageWindow.cpp */,
				4CC3D12C19B943EB0034FB37 /* Util_ImageWindow.h */,
				4CC3D12D19B943EB0034FB37 /* Util_Interface.cpp */,
				4CC3D12E19B943EB0034FB37 /* Util_Interface.h */,
				4CC3D12F19B943EB0034FB37 /* Util_LatencyTest2Reader.cpp */,
				4CC3D13019B943EB0034FB37 /* Util_LatencyTest2Reader.h */,
				4CC3D13119B943EB0034FB37 /* Util_LatencyTest2State.h */,
				4CC3D13219B943EB0034FB37 /* Util_Render_Stereo.cpp */,
				4CC3D13319B943EB0034FB37 /* Util_Render_Stereo.h */,
			);
			path = Util;
			sourceTree = "<group>";
		};
		958B2EA91732F5B600A05610 = {
			isa = PBXGroup;
			children = (
				4CC3D23119B945A60034FB37 /* OpenGL.framework */,
				4CC3CF3A19B943EB0034FB37 /* LibOVR */,
				957D66C11733099500A48F6A /* Cocoa.framework */,
				957D66BF1733093F00A48F6A /* Foundation.framework */,
				958B2EC41732F6DB00A05610 /* ApplicationServices.framework */,
				958B2EC51732F6DB00A05610 /* CFNetwork.framework */,
				958B2EC61732F6DB00A05610 /* CoreFoundation.framework */,
				958B2EC71732F6DB00A05610 /* CoreGraphics.framework */,
				958B2EC81732F6DB00A05610 /* IOKit.framework */,
				958B2EC91732F6DB00A05610 /* IOSurface.framework */,
				958B2EC21732F6BE00A05610 /* libmicrohttpd.a */,
				958B2EB41732F5B600A05610 /* oculus-rest */,
				958B2EB31732F5B600A05610 /* Products */,
			);
			sourceTree = "<group>";
		};
		958B2EB31732F5B600A05610 /* Products */ = {
			isa = PBXGroup;
			children = (
				958B2EB21732F5B600A05610 /* oculus-rest */,
			);
			name = Products;
			sourceTree = "<group>";
		};
		958B2EB41732F5B600A05610 /* oculus-rest */ = {
			isa = PBXGroup;
			children = (
				956D363B1732FCB100BD9868 /* main.mm */,
			);
			path = "oculus-rest";
			sourceTree = "<group>";
		};
/* End PBXGroup section */

/* Begin PBXNativeTarget section */
		958B2EB11732F5B600A05610 /* oculus-rest */ = {
			isa = PBXNativeTarget;
			buildConfigurationList = 958B2EBB1732F5B600A05610 /* Build configuration list for PBXNativeTarget "oculus-rest" */;
			buildPhases = (
				958B2EAE1732F5B600A05610 /* Sources */,
				958B2EAF1732F5B600A05610 /* Frameworks */,
				958B2EB01732F5B600A05610 /* CopyFiles */,
			);
			buildRules = (
			);
			dependencies = (
			);
			name = "oculus-rest";
			productName = "oculus-rest";
			productReference = 958B2EB21732F5B600A05610 /* oculus-rest */;
			productType = "com.apple.product-type.tool";
		};
/* End PBXNativeTarget section */

/* Begin PBXProject section */
		958B2EAA1732F5B600A05610 /* Project object */ = {
			isa = PBXProject;
			attributes = {
				LastUpgradeCheck = 0460;
				ORGANIZATIONNAME = "Per-Olov Jernberg";
			};
			buildConfigurationList = 958B2EAD1732F5B600A05610 /* Build configuration list for PBXProject "oculus-rest" */;
			compatibilityVersion = "Xcode 3.2";
			developmentRegion = English;
			hasScannedForEncodings = 0;
			knownRegions = (
				en,
			);
			mainGroup = 958B2EA91732F5B600A05610;
			productRefGroup = 958B2EB31732F5B600A05610 /* Products */;
			projectDirPath = "";
			projectRoot = "";
			targets = (
				958B2EB11732F5B600A05610 /* oculus-rest */,
			);
		};
/* End PBXProject section */

/* Begin PBXSourcesBuildPhase section */
		958B2EAE1732F5B600A05610 /* Sources */ = {
			isa = PBXSourcesBuildPhase;
			buildActionMask = 2147483647;
			files = (
				4CC3D20319B943EC0034FB37 /* OVR_Allocator.cpp in Sources */,
				4CC3D1FF19B943EC0034FB37 /* CAPI_GL_Util.cpp in Sources */,
				4CC3D21919B943EC0034FB37 /* OVR_PacketizedTCPSocket.cpp in Sources */,
				4CC3D20019B943EC0034FB37 /* OVR_Display.cpp in Sources */,
				4CC3D22119B943EC0034FB37 /* OVR_SerialFormat.cpp in Sources */,
				4CC3D22819B943EC0034FB37 /* Util_LatencyTest2Reader.cpp in Sources */,
				4CC3D22519B943EC0034FB37 /* Tracking_SensorStateReader.cpp in Sources */,
				4CC3D21A19B943EC0034FB37 /* OVR_RPC1.cpp in Sources */,
				4CC3D1FB19B943EC0034FB37 /* CAPI_HMDState.cpp in Sources */,
				4CC3D21B19B943EC0034FB37 /* OVR_Session.cpp in Sources */,
				4CC3D20519B943EC0034FB37 /* OVR_CRC32.cpp in Sources */,
				4CC3D22619B943EC0034FB37 /* Util_ImageWindow.cpp in Sources */,
				4CC3D20D19B943EC0034FB37 /* OVR_Std.cpp in Sources */,
				4CC3D21419B943EC0034FB37 /* OVR_ThreadsPthread.cpp in Sources */,
				4CC3D22219B943EC0034FB37 /* OVR_Stereo.cpp in Sources */,
				4CC3D20F19B943EC0034FB37 /* OVR_String_FormatUtil.cpp in Sources */,
				4CC3D20619B943EC0034FB37 /* OVR_File.cpp in Sources */,
				4CC3D20E19B943EC0034FB37 /* OVR_String.cpp in Sources */,
				4CC3D20919B943EC0034FB37 /* OVR_Log.cpp in Sources */,
				4CC3D21619B943EC0034FB37 /* OVR_UTF8Util.cpp in Sources */,
				4CC3D21519B943EC0034FB37 /* OVR_Timer.cpp in Sources */,
				4CC3D1FD19B943EC0034FB37 /* CAPI_GL_DistortionRenderer.cpp in Sources */,
				4CC3D22919B943EC0034FB37 /* Util_Render_Stereo.cpp in Sources */,
				4CC3D22419B943EC0034FB37 /* Service_NetSessionCommon.cpp in Sources */,
				4CC3D21119B943EC0034FB37 /* OVR_SysFile.cpp in Sources */,
				4CC3D1F819B943EC0034FB37 /* CAPI_DistortionRenderer.cpp in Sources */,
				4CC3D21F19B943EC0034FB37 /* OVR_JSON.cpp in Sources */,
				4CC3D20419B943EC0034FB37 /* OVR_Atomic.cpp in Sources */,
				4CC3D1FA19B943EC0034FB37 /* CAPI_HMDRenderState.cpp in Sources */,
				4CC3D22019B943EC0034FB37 /* OVR_Profile.cpp in Sources */,
				4CC3D1FC19B943EC0034FB37 /* CAPI_HSWDisplay.cpp in Sources */,
				4CC3D21319B943EC0034FB37 /* OVR_ThreadCommandQueue.cpp in Sources */,
				4CC3D1FE19B943EC0034FB37 /* CAPI_GL_HSWDisplay.cpp in Sources */,
				4CC3D21019B943EC0034FB37 /* OVR_String_PathUtil.cpp in Sources */,
				4CC3D21819B943EC0034FB37 /* OVR_NetworkPlugin.cpp in Sources */,
				4CC3D1F919B943EC0034FB37 /* CAPI_FrameTimeManager.cpp in Sources */,
				4CC3D20219B943EC0034FB37 /* OVR_Alg.cpp in Sources */,
				956D363C1732FCB100BD9868 /* main.mm in Sources */,
				4CC3D21C19B943EC0034FB37 /* OVR_Socket.cpp in Sources */,
				4CC3D20819B943EC0034FB37 /* OVR_Lockless.cpp in Sources */,
				4CC3D20A19B943EC0034FB37 /* OVR_Math.cpp in Sources */,
				4CC3D21719B943EC0034FB37 /* OVR_BitStream.cpp in Sources */,
				4CC3D20719B943EC0034FB37 /* OVR_FileFILE.cpp in Sources */,
				4CC3D20B19B943EC0034FB37 /* OVR_RefCount.cpp in Sources */,
				4CC3D20C19B943EC0034FB37 /* OVR_SharedMemory.cpp in Sources */,
				4CC3D22319B943EC0034FB37 /* Service_NetClient.cpp in Sources */,
				4CC3D20119B943EC0034FB37 /* OVR_OSX_Display.cpp in Sources */,
				4CC3D21219B943EC0034FB37 /* OVR_System.cpp in Sources */,
				4CC3D22719B943EC0034FB37 /* Util_Interface.cpp in Sources */,
				4CC3D21D19B943EC0034FB37 /* OVR_Unix_Socket.cpp in Sources */,
				4CC3D21E19B943EC0034FB37 /* OVR_CAPI.cpp in Sources */,
			);
			runOnlyForDeploymentPostprocessing = 0;
		};
/* End PBXSourcesBuildPhase section */

/* Begin XCBuildConfiguration section */
		958B2EB91732F5B600A05610 /* Debug */ = {
			isa = XCBuildConfiguration;
			buildSettings = {
				ALWAYS_SEARCH_USER_PATHS = NO;
				ARCHS = "$(ARCHS_STANDARD_64_BIT)";
				CLANG_CXX_LANGUAGE_STANDARD = "gnu++0x";
				CLANG_CXX_LIBRARY = "libc++";
				CLANG_WARN_CONSTANT_CONVERSION = YES;
				CLANG_WARN_EMPTY_BODY = YES;
				CLANG_WARN_ENUM_CONVERSION = YES;
				CLANG_WARN_INT_CONVERSION = YES;
				CLANG_WARN__DUPLICATE_METHOD_MATCH = YES;
				COPY_PHASE_STRIP = NO;
				GCC_C_LANGUAGE_STANDARD = gnu99;
				GCC_DYNAMIC_NO_PIC = NO;
				GCC_ENABLE_OBJC_EXCEPTIONS = YES;
				GCC_OPTIMIZATION_LEVEL = 0;
				GCC_PREPROCESSOR_DEFINITIONS = (
					"DEBUG=1",
					"$(inherited)",
				);
				GCC_SYMBOLS_PRIVATE_EXTERN = NO;
				GCC_WARN_64_TO_32_BIT_CONVERSION = YES;
				GCC_WARN_ABOUT_RETURN_TYPE = YES;
				GCC_WARN_UNINITIALIZED_AUTOS = YES;
				GCC_WARN_UNUSED_VARIABLE = YES;
				HEADER_SEARCH_PATHS = (
					libmicrohttpd/include,
					LibOVR/include,
					LibOVR/Src,
				);
				MACOSX_DEPLOYMENT_TARGET = 10.8;
				ONLY_ACTIVE_ARCH = YES;
				SDKROOT = macosx;
			};
			name = Debug;
		};
		958B2EBA1732F5B600A05610 /* Release */ = {
			isa = XCBuildConfiguration;
			buildSettings = {
				ALWAYS_SEARCH_USER_PATHS = NO;
				ARCHS = "$(ARCHS_STANDARD_64_BIT)";
				CLANG_CXX_LANGUAGE_STANDARD = "gnu++0x";
				CLANG_CXX_LIBRARY = "libc++";
				CLANG_WARN_CONSTANT_CONVERSION = YES;
				CLANG_WARN_EMPTY_BODY = YES;
				CLANG_WARN_ENUM_CONVERSION = YES;
				CLANG_WARN_INT_CONVERSION = YES;
				CLANG_WARN__DUPLICATE_METHOD_MATCH = YES;
				COPY_PHASE_STRIP = YES;
				DEBUG_INFORMATION_FORMAT = "dwarf-with-dsym";
				GCC_C_LANGUAGE_STANDARD = gnu99;
				GCC_ENABLE_OBJC_EXCEPTIONS = YES;
				GCC_WARN_64_TO_32_BIT_CONVERSION = YES;
				GCC_WARN_ABOUT_RETURN_TYPE = YES;
				GCC_WARN_UNINITIALIZED_AUTOS = YES;
				GCC_WARN_UNUSED_VARIABLE = YES;
				HEADER_SEARCH_PATHS = (
					libmicrohttpd/include,
					LibOVR/include,
					LibOVR/Src,
				);
				MACOSX_DEPLOYMENT_TARGET = 10.8;
				SDKROOT = macosx;
			};
			name = Release;
		};
		958B2EBC1732F5B600A05610 /* Debug */ = {
			isa = XCBuildConfiguration;
			buildSettings = {
				ARCHS = "$(ARCHS_STANDARD_32_64_BIT)";
				CLANG_CXX_LIBRARY = "libstdc++";
				CLANG_ENABLE_OBJC_ARC = YES;
				CONFIGURATION_BUILD_DIR = build;
				GCC_PREPROCESSOR_DEFINITIONS = (
					"DEBUG=1",
					"$(inherited)",
					OVR_BUILD_DEBUG,
				);
				LIBRARY_SEARCH_PATHS = (
					"$(inherited)",
					"\"$(SRCROOT)/LibOVR/Lib/MacOS\"",
					"\"$(SRCROOT)/libmicrohttpd/bin\"",
					"$(PROJECT_DIR)/LibOVR/Lib/Mac/Debug",
					"$(PROJECT_DIR)/LibOVR/Lib/Mac/Release",
					"$(PROJECT_DIR)/LibOVR/Projects/Mac/Xcode/libmicrohttpd/bin",
					"$(PROJECT_DIR)/LibOVR/Projects/Mac/Xcode/libmicrohttpd/lib",
					"$(PROJECT_DIR)/libmicrohttpd/bin",
				);
				PRODUCT_NAME = "$(TARGET_NAME)";
				SDKROOT = macosx;
			};
			name = Debug;
		};
		958B2EBD1732F5B600A05610 /* Release */ = {
			isa = XCBuildConfiguration;
			buildSettings = {
				ARCHS = "$(ARCHS_STANDARD_32_64_BIT)";
				CLANG_CXX_LIBRARY = "libstdc++";
				CLANG_ENABLE_OBJC_ARC = YES;
				CONFIGURATION_BUILD_DIR = build;
				LIBRARY_SEARCH_PATHS = (
					"$(inherited)",
					"\"$(SRCROOT)/LibOVR/Lib/MacOS\"",
					"\"$(SRCROOT)/libmicrohttpd/bin\"",
					"$(PROJECT_DIR)/LibOVR/Lib/Mac/Debug",
					"$(PROJECT_DIR)/LibOVR/Lib/Mac/Release",
					"$(PROJECT_DIR)/LibOVR/Projects/Mac/Xcode/libmicrohttpd/bin",
					"$(PROJECT_DIR)/LibOVR/Projects/Mac/Xcode/libmicrohttpd/lib",
					"$(PROJECT_DIR)/libmicrohttpd/bin",
				);
				PRODUCT_NAME = "$(TARGET_NAME)";
				SDKROOT = macosx;
			};
			name = Release;
		};
/* End XCBuildConfiguration section */

/* Begin XCConfigurationList section */
		958B2EAD1732F5B600A05610 /* Build configuration list for PBXProject "oculus-rest" */ = {
			isa = XCConfigurationList;
			buildConfigurations = (
				958B2EB91732F5B600A05610 /* Debug */,
				958B2EBA1732F5B600A05610 /* Release */,
			);
			defaultConfigurationIsVisible = 0;
			defaultConfigurationName = Release;
		};
		958B2EBB1732F5B600A05610 /* Build configuration list for PBXNativeTarget "oculus-rest" */ = {
			isa = XCConfigurationList;
			buildConfigurations = (
				958B2EBC1732F5B600A05610 /* Debug */,
				958B2EBD1732F5B600A05610 /* Release */,
			);
			defaultConfigurationIsVisible = 0;
			defaultConfigurationName = Release;
		};
/* End XCConfigurationList section */
	};
	rootObject = 958B2EAA1732F5B600A05610 /* Project object */;
}
